{
    "name": "vscode-template-literal-editor",
    "version": "0.10.0",
    "lockfileVersion": 1,
    "requires": true,
    "dependencies": {
        "@types/lodash": {
            "version": "4.14.168",
            "resolved": "https://registry.npmjs.org/@types/lodash/-/lodash-4.14.168.tgz",
            "integrity": "sha512-oVfRvqHV/V6D1yifJbVRU3TMp8OT6o6BG+U9MkwuJ3U8/CsDHvalRpsxBqivn71ztOFZBTfJMvETbqHiaNSj7Q==",
            "dev": true
        },
        "@types/lodash.throttle": {
            "version": "4.1.6",
            "resolved": "https://registry.npmjs.org/@types/lodash.throttle/-/lodash.throttle-4.1.6.tgz",
            "integrity": "sha512-/UIH96i/sIRYGC60NoY72jGkCJtFN5KVPhEMMMTjol65effe1gPn0tycJqV5tlSwMTzX8FqzB5yAj0rfGHTPNg==",
            "dev": true,
            "requires": {
                "@types/lodash": "*"
            }
        },
        "@types/node": {
            "version": "12.20.10",
            "resolved": "https://registry.npmjs.org/@types/node/-/node-12.20.10.tgz",
            "integrity": "sha512-TxCmnSSppKBBOzYzPR2BR25YlX5Oay8z2XGwFBInuA/Co0V9xJhLlW4kjbxKtgeNo3NOMbQP1A5Rc03y+XecPw==",
            "dev": true
        },
        "@types/vscode": {
            "version": "1.53.0",
            "resolved": "https://registry.npmjs.org/@types/vscode/-/vscode-1.53.0.tgz",
            "integrity": "sha512-XjFWbSPOM0EKIT2XhhYm3D3cx3nn3lshMUcWNy1eqefk+oqRuBq8unVb6BYIZqXy9lQZyeUl7eaBCOZWv+LcXQ==",
            "dev": true
        },
        "lodash.throttle": {
            "version": "4.1.1",
            "resolved": "https://registry.npmjs.org/lodash.throttle/-/lodash.throttle-4.1.1.tgz",
            "integrity": "sha1-wj6RtxAkKscMN/HhzaknTMOb8vQ="
        },
        "typescript": {
            "version": "4.2.4",
            "resolved": "https://registry.npmjs.org/typescript/-/typescript-4.2.4.tgz",
            "integrity": "sha512-V+evlYHZnQkaz8TRBuxTA92yZBPotr5H+WhQ7bD3hZUndx5tGOa1fuCgeSjxAzM1RiN5IzvadIXTVefuuwZCRg=="
        }
    }
}
